{
  "originHash" : "f14dfa59f4748175f1ecac0a1cf44e4d5228be396d1cefa57485da3a44ab7eee",
  "pins" : [
    {
      "identity" : "nesteda11yids",
      "kind" : "remoteSourceControl",
      "location" : "https://github.com/SoundBlaster/NestedA11yIDs.git",
      "state" : {
        "revision" : "ad123fbc8dda58f20de1e6fbd21120bcfbaabf85",
        "version" : "1.0.0"
      }
    },
    {
      "identity" : "patchwork",
      "kind" : "remoteSourceControl",
      "location" : "https://github.com/SoundBlaster/Patchwork.git",
      "state" : {
        "revision" : "2d0d07ea53a5301660502877f770c9018a1babe5",
        "version" : "0.1.3"
      }
    },
    {
      "identity" : "screenkit",
      "kind" : "remoteSourceControl",
      "location" : "https://github.com/SoundBlaster/ScreenKit.git",
      "state" : {
        "revision" : "64ee23ec7500dcf62b552285578e6317e35d2dc5",
        "version" : "0.3.0"
      }
    },
    {
      "identity" : "swift-syntax",
      "kind" : "remoteSourceControl",
      "location" : "https://github.com/swiftlang/swift-syntax.git",
      "state" : {
        "revision" : "4799286537280063c85a32f09884cfbca301b1a1",
        "version" : "602.0.0"
      }
    }
  ],
  "version" : 3
}
